
Microsoft Visual Studio Solution File, Format Version 12.00
# Visual Studio Version 16
VisualStudioVersion = 16.0.31729.503
MinimumVisualStudioVersion = 10.0.40219.1
Project("{FAE04EC0-301F-11D3-BF4B-00C04F79EFBC}") = "DigiBank", "DigiBank\DigiBank.csproj", "{7C6F1DED-45C9-4667-AD28-E4BDE0873163}"
EndProject
Global
	GlobalSection(SolutionConfigurationPlatforms) = preSolution
		Debug|Any CPU = Debug|Any CPU
		Release|Any CPU = Release|Any CPU
	EndGlobalSection
	GlobalSection(ProjectConfigurationPlatforms) = postSolution
		{7C6F1DED-45C9-4667-AD28-E4BDE0873163}.Debug|Any CPU.ActiveCfg = Debug|Any CPU
		{7C6F1DED-45C9-4667-AD28-E4BDE0873163}.Debug|Any CPU.Build.0 = Debug|Any CPU
		{7C6F1DED-45C9-4667-AD28-E4BDE0873163}.Release|Any CPU.ActiveCfg = Release|Any CPU
		{7C6F1DED-45C9-4667-AD28-E4BDE0873163}.Release|Any CPU.Build.0 = Release|Any CPU
	EndGlobalSection
	GlobalSection(SolutionProperties) = preSolution
		HideSolutionNode = FALSE
	EndGlobalSection
	GlobalSection(ExtensibilityGlobals) = postSolution
		SolutionGuid = {5C500905-0174-40A3-A6DF-1724FF6DC940}
	EndGlobalSection
EndGlobal
